
Microsoft Visual Studio Solution File, Format Version 12.00
# Visual Studio Version 16
VisualStudioVersion = 16.0.31702.278
MinimumVisualStudioVersion = 10.0.40219.1
Project("{8BC9CEB8-8B4A-11D0-8D11-00A0C91BC942}") = "BackshadeAMD64", "BackshadeAMD64.vcxproj", "{8546F551-80FE-49B0-ABE2-9C8498C0B34E}"
EndProject
Global
	GlobalSection(SolutionConfigurationPlatforms) = preSolution
		Release|x64 = Release|x64
	EndGlobalSection
	GlobalSection(ProjectConfigurationPlatforms) = postSolution
		{8546F551-80FE-49B0-ABE2-9C8498C0B34E}.Release|x64.ActiveCfg = Release|x64
		{8546F551-80FE-49B0-ABE2-9C8498C0B34E}.Release|x64.Build.0 = Release|x64
	EndGlobalSection
	GlobalSection(SolutionProperties) = preSolution
		HideSolutionNode = FALSE
	EndGlobalSection
	GlobalSection(ExtensibilityGlobals) = postSolution
		SolutionGuid = {1E0C6013-C25C-4672-AECB-759B5DA3BA32}
	EndGlobalSection
EndGlobal
